
Microsoft Visual Studio Solution File, Format Version 12.00
# Visual Studio 15
VisualStudioVersion = 15.0.28307.757
MinimumVisualStudioVersion = 10.0.40219.1
Project("{FAE04EC0-301F-11D3-BF4B-00C04F79EFBC}") = "webApi2", "webApi2\webApi2.csproj", "{D0B859D6-C3B4-43F1-A95D-0CBE203D29E3}"
EndProject
Global
	GlobalSection(SolutionConfigurationPlatforms) = preSolution
		Debug|Any CPU = Debug|Any CPU
		Release|Any CPU = Release|Any CPU
	EndGlobalSection
	GlobalSection(ProjectConfigurationPlatforms) = postSolution
		{D0B859D6-C3B4-43F1-A95D-0CBE203D29E3}.Debug|Any CPU.ActiveCfg = Debug|Any CPU
		{D0B859D6-C3B4-43F1-A95D-0CBE203D29E3}.Debug|Any CPU.Build.0 = Debug|Any CPU
		{D0B859D6-C3B4-43F1-A95D-0CBE203D29E3}.Release|Any CPU.ActiveCfg = Release|Any CPU
		{D0B859D6-C3B4-43F1-A95D-0CBE203D29E3}.Release|Any CPU.Build.0 = Release|Any CPU
	EndGlobalSection
	GlobalSection(SolutionProperties) = preSolution
		HideSolutionNode = FALSE
	EndGlobalSection
	GlobalSection(ExtensibilityGlobals) = postSolution
		SolutionGuid = {1AEA939E-9729-494E-A09A-CBEE1D603F27}
	EndGlobalSection
	GlobalSection(TeamFoundationVersionControl) = preSolution
		SccNumberOfProjects = 2
		SccEnterpriseProvider = {4CA58AB2-18FA-4F8D-95D4-32DDF27D184C}
		SccTeamFoundationServer = http://ddr-tfs01np:8080/tfs/irmacollection
		SccLocalPath0 = .
		SccProjectUniqueName1 = webApi2\\webApi2.csproj
		SccProjectName1 = webApi2
		SccLocalPath1 = webApi2
	EndGlobalSection
EndGlobal
